
Microsoft Visual Studio Solution File, Format Version 12.00
# Visual Studio Version 16
VisualStudioVersion = 16.0.30804.86
MinimumVisualStudioVersion = 10.0.40219.1
Project("{888888A0-9F3D-457C-B088-3A5042F75D52}") = "vs_newest", "vs_newest\vs_newest.pyproj", "{93A4DB16-9AB1-404D-95C8-232E5D70A067}"
EndProject
Global
	GlobalSection(SolutionConfigurationPlatforms) = preSolution
		Debug|Any CPU = Debug|Any CPU
		Release|Any CPU = Release|Any CPU
	EndGlobalSection
	GlobalSection(ProjectConfigurationPlatforms) = postSolution
		{93A4DB16-9AB1-404D-95C8-232E5D70A067}.Debug|Any CPU.ActiveCfg = Debug|Any CPU
		{93A4DB16-9AB1-404D-95C8-232E5D70A067}.Release|Any CPU.ActiveCfg = Release|Any CPU
	EndGlobalSection
	GlobalSection(SolutionProperties) = preSolution
		HideSolutionNode = FALSE
	EndGlobalSection
	GlobalSection(ExtensibilityGlobals) = postSolution
		SolutionGuid = {F9BC710E-3449-4809-A1F8-99677524102F}
	EndGlobalSection
EndGlobal
